{
  "name": "hmpo-node-standards",
  "version": "1.11.4",
  "lockfileVersion": 2,
  "requires": true,
  "packages": {
    "": {
      "name": "hmpo-node-standards",
      "version": "1.11.4",
      "hasInstallScript": true,
      "license": "MIT",
      "bin": {
        "hmpo-checkengines": "bin/checkengines",
        "hmpo-checkgit": "bin/checkgit",
        "hmpo-checklocales": "bin/checklocales",
        "hmpo-commitmsg": "bin/commitmsg",
        "hmpo-lintapostrophes": "bin/lintapostrophes"
      }
    }
  }
}
